schema: '2.0'
stages:
  train:
    cmd: python src/models/train_model.py
  predict_model:
    cmd: python src/models/predict_model.py
    deps:
    - path: model.pkl
      md5: 0108cd986cdcd6f859f0a53e7d9af428
      size: 501
    - path: src/models/predict_model.py
      md5: 8fdbce982a21c2047f547bccffbe69ae
      size: 815
    - path: src/models/train_model.py
      md5: 365e500c7e3a1fc43b3395bfb889a806
      size: 1539
    outs:
    - path: evaluation/test.json
      md5: da58052994f39779338ed80664baac38
      size: 32
